
Microsoft Visual Studio Solution File, Format Version 12.00
Project("{FAE04EC0-301F-11D3-BF4B-00C04F79EFBC}") = "DownloadRnR", "DownloadRnR\DownloadRnR.csproj", "{A8A51033-CC88-4D8E-BD0C-C9FFF2438466}"
EndProject
Global
	GlobalSection(SolutionConfigurationPlatforms) = preSolution
		Debug|Any CPU = Debug|Any CPU
		Release|Any CPU = Release|Any CPU
	EndGlobalSection
	GlobalSection(ProjectConfigurationPlatforms) = postSolution
		{A8A51033-CC88-4D8E-BD0C-C9FFF2438466}.Debug|Any CPU.ActiveCfg = Debug|Any CPU
		{A8A51033-CC88-4D8E-BD0C-C9FFF2438466}.Debug|Any CPU.Build.0 = Debug|Any CPU
		{A8A51033-CC88-4D8E-BD0C-C9FFF2438466}.Release|Any CPU.ActiveCfg = Release|Any CPU
		{A8A51033-CC88-4D8E-BD0C-C9FFF2438466}.Release|Any CPU.Build.0 = Release|Any CPU
	EndGlobalSection
EndGlobal
